
Microsoft Visual Studio Solution File, Format Version 12.00
# Visual Studio Version 16
VisualStudioVersion = 16.0.30225.117
MinimumVisualStudioVersion = 10.0.40219.1
Project("{FAE04EC0-301F-11D3-BF4B-00C04F79EFBC}") = "乱数生成プログラム", "乱数生成プログラム\乱数生成プログラム.csproj", "{73D62E8C-F099-4C47-8D8B-924D27966ACC}"
EndProject
Global
	GlobalSection(SolutionConfigurationPlatforms) = preSolution
		Debug|Any CPU = Debug|Any CPU
		Release|Any CPU = Release|Any CPU
	EndGlobalSection
	GlobalSection(ProjectConfigurationPlatforms) = postSolution
		{73D62E8C-F099-4C47-8D8B-924D27966ACC}.Debug|Any CPU.ActiveCfg = Debug|Any CPU
		{73D62E8C-F099-4C47-8D8B-924D27966ACC}.Debug|Any CPU.Build.0 = Debug|Any CPU
		{73D62E8C-F099-4C47-8D8B-924D27966ACC}.Release|Any CPU.ActiveCfg = Release|Any CPU
		{73D62E8C-F099-4C47-8D8B-924D27966ACC}.Release|Any CPU.Build.0 = Release|Any CPU
	EndGlobalSection
	GlobalSection(SolutionProperties) = preSolution
		HideSolutionNode = FALSE
	EndGlobalSection
	GlobalSection(ExtensibilityGlobals) = postSolution
		SolutionGuid = {6F03C416-7150-4BB1-98B5-EA7A82771349}
	EndGlobalSection
EndGlobal
